
Microsoft Visual Studio Solution File, Format Version 12.00
# Visual Studio Version 16
VisualStudioVersion = 16.0.31112.23
MinimumVisualStudioVersion = 10.0.40219.1
Project("{FAE04EC0-301F-11D3-BF4B-00C04F79EFBC}") = "routes", "routes.csproj", "{1884F662-79F7-49A7-B524-04E06E41F8A3}"
EndProject
Project("{9092AA53-FB77-4645-B42D-1CCCA6BD08BD}") = "NodeRoutes", "..\NodeRoutes\NodeRoutes.njsproj", "{96010DF5-9CD7-4259-BAC3-D86496DD3A3B}"
EndProject
Global
	GlobalSection(SolutionConfigurationPlatforms) = preSolution
		Debug|Any CPU = Debug|Any CPU
		Release|Any CPU = Release|Any CPU
	EndGlobalSection
	GlobalSection(ProjectConfigurationPlatforms) = postSolution
		{1884F662-79F7-49A7-B524-04E06E41F8A3}.Debug|Any CPU.ActiveCfg = Debug|Any CPU
		{1884F662-79F7-49A7-B524-04E06E41F8A3}.Debug|Any CPU.Build.0 = Debug|Any CPU
		{1884F662-79F7-49A7-B524-04E06E41F8A3}.Release|Any CPU.ActiveCfg = Release|Any CPU
		{1884F662-79F7-49A7-B524-04E06E41F8A3}.Release|Any CPU.Build.0 = Release|Any CPU
		{96010DF5-9CD7-4259-BAC3-D86496DD3A3B}.Debug|Any CPU.ActiveCfg = Debug|Any CPU
		{96010DF5-9CD7-4259-BAC3-D86496DD3A3B}.Debug|Any CPU.Build.0 = Debug|Any CPU
		{96010DF5-9CD7-4259-BAC3-D86496DD3A3B}.Release|Any CPU.ActiveCfg = Release|Any CPU
		{96010DF5-9CD7-4259-BAC3-D86496DD3A3B}.Release|Any CPU.Build.0 = Release|Any CPU
	EndGlobalSection
	GlobalSection(SolutionProperties) = preSolution
		HideSolutionNode = FALSE
	EndGlobalSection
	GlobalSection(ExtensibilityGlobals) = postSolution
		SolutionGuid = {B0911F52-C082-4562-8673-4D785227D7B7}
	EndGlobalSection
EndGlobal
